
Microsoft Visual Studio Solution File, Format Version 12.00
# Visual Studio Version 17
VisualStudioVersion = 17.12.35527.113
MinimumVisualStudioVersion = 10.0.40219.1
Project("{2150E333-8FDC-42A3-9474-1A3956D46DE8}") = "@shell", "@shell", "{BFFB7EE8-99A4-472C-9DD5-9042044E05D1}"
EndProject
Project("{2150E333-8FDC-42A3-9474-1A3956D46DE8}") = "@local", "@local", "{04859EFB-024C-4BB7-9199-C52F22B616F5}"
EndProject
Project("{2150E333-8FDC-42A3-9474-1A3956D46DE8}") = "@modules", "@modules", "{C41592FD-8877-4386-A421-543DBFCBB5CC}"
EndProject
Project("{FAE04EC0-301F-11D3-BF4B-00C04F79EFBC}") = "UKHO.ADDS.Management", "src\Shell\UKHO.ADDS.Management\UKHO.ADDS.Management.csproj", "{1F6C8111-FF5B-47E0-B6CC-831E809FE8F1}"
EndProject
Project("{FAE04EC0-301F-11D3-BF4B-00C04F79EFBC}") = "UKHO.ADDS.Management.Shell", "src\Shell\UKHO.ADDS.Management.Shell\UKHO.ADDS.Management.Shell.csproj", "{D8D8B65A-9D1D-4F6F-BD19-0BCDD7A798D6}"
EndProject
Project("{FAE04EC0-301F-11D3-BF4B-00C04F79EFBC}") = "UKHO.ADDS.Management.Host", "src\Shell\UKHO.ADDS.Management.Host\UKHO.ADDS.Management.Host.csproj", "{A5527CD6-18A4-4AE8-9E53-544236720EB5}"
EndProject
Project("{2150E333-8FDC-42A3-9474-1A3956D46DE8}") = "@mock", "@mock", "{A69C852C-368A-4E76-945B-E2E55B59EF8A}"
EndProject
Project("{FAE04EC0-301F-11D3-BF4B-00C04F79EFBC}") = "UKHO.ADDS.Mocks", "mock\repo\src\UKHO.ADDS.Mocks\UKHO.ADDS.Mocks.csproj", "{0FE0F9B2-6DAB-439E-9B51-781236F9F8AB}"
EndProject
Project("{FAE04EC0-301F-11D3-BF4B-00C04F79EFBC}") = "UKHO.ADDS.Mocks.Management", "mock\UKHO.ADDS.Mocks.Management\UKHO.ADDS.Mocks.Management.csproj", "{88733170-5767-4B91-B466-7E323866FD7A}"
EndProject
Project("{FAE04EC0-301F-11D3-BF4B-00C04F79EFBC}") = "UKHO.ADDS.Management.ServiceDefaults", "src\Shell\UKHO.ADDS.Management.ServiceDefaults\UKHO.ADDS.Management.ServiceDefaults.csproj", "{462E20E2-FB7A-8FCA-C80E-51D86F20FECE}"
EndProject
Project("{FAE04EC0-301F-11D3-BF4B-00C04F79EFBC}") = "UKHO.ADDS.Management.AppHost", "src\Shell\UKHO.ADDS.Management.AppHost\UKHO.ADDS.Management.AppHost.csproj", "{83D13A1A-EBD5-9D43-75B4-9A2EA387EA71}"
EndProject
Global
	GlobalSection(SolutionConfigurationPlatforms) = preSolution
		Debug|Any CPU = Debug|Any CPU
		Release|Any CPU = Release|Any CPU
	EndGlobalSection
	GlobalSection(ProjectConfigurationPlatforms) = postSolution
		{1F6C8111-FF5B-47E0-B6CC-831E809FE8F1}.Debug|Any CPU.ActiveCfg = Debug|Any CPU
		{1F6C8111-FF5B-47E0-B6CC-831E809FE8F1}.Debug|Any CPU.Build.0 = Debug|Any CPU
		{1F6C8111-FF5B-47E0-B6CC-831E809FE8F1}.Release|Any CPU.ActiveCfg = Release|Any CPU
		{1F6C8111-FF5B-47E0-B6CC-831E809FE8F1}.Release|Any CPU.Build.0 = Release|Any CPU
		{D8D8B65A-9D1D-4F6F-BD19-0BCDD7A798D6}.Debug|Any CPU.ActiveCfg = Debug|Any CPU
		{D8D8B65A-9D1D-4F6F-BD19-0BCDD7A798D6}.Debug|Any CPU.Build.0 = Debug|Any CPU
		{D8D8B65A-9D1D-4F6F-BD19-0BCDD7A798D6}.Release|Any CPU.ActiveCfg = Release|Any CPU
		{D8D8B65A-9D1D-4F6F-BD19-0BCDD7A798D6}.Release|Any CPU.Build.0 = Release|Any CPU
		{A5527CD6-18A4-4AE8-9E53-544236720EB5}.Debug|Any CPU.ActiveCfg = Debug|Any CPU
		{A5527CD6-18A4-4AE8-9E53-544236720EB5}.Debug|Any CPU.Build.0 = Debug|Any CPU
		{A5527CD6-18A4-4AE8-9E53-544236720EB5}.Release|Any CPU.ActiveCfg = Release|Any CPU
		{A5527CD6-18A4-4AE8-9E53-544236720EB5}.Release|Any CPU.Build.0 = Release|Any CPU
		{0FE0F9B2-6DAB-439E-9B51-781236F9F8AB}.Debug|Any CPU.ActiveCfg = Debug|Any CPU
		{0FE0F9B2-6DAB-439E-9B51-781236F9F8AB}.Debug|Any CPU.Build.0 = Debug|Any CPU
		{0FE0F9B2-6DAB-439E-9B51-781236F9F8AB}.Release|Any CPU.ActiveCfg = Release|Any CPU
		{0FE0F9B2-6DAB-439E-9B51-781236F9F8AB}.Release|Any CPU.Build.0 = Release|Any CPU
		{88733170-5767-4B91-B466-7E323866FD7A}.Debug|Any CPU.ActiveCfg = Debug|Any CPU
		{88733170-5767-4B91-B466-7E323866FD7A}.Debug|Any CPU.Build.0 = Debug|Any CPU
		{88733170-5767-4B91-B466-7E323866FD7A}.Release|Any CPU.ActiveCfg = Release|Any CPU
		{88733170-5767-4B91-B466-7E323866FD7A}.Release|Any CPU.Build.0 = Release|Any CPU
		{462E20E2-FB7A-8FCA-C80E-51D86F20FECE}.Debug|Any CPU.ActiveCfg = Debug|Any CPU
		{462E20E2-FB7A-8FCA-C80E-51D86F20FECE}.Debug|Any CPU.Build.0 = Debug|Any CPU
		{462E20E2-FB7A-8FCA-C80E-51D86F20FECE}.Release|Any CPU.ActiveCfg = Release|Any CPU
		{462E20E2-FB7A-8FCA-C80E-51D86F20FECE}.Release|Any CPU.Build.0 = Release|Any CPU
		{83D13A1A-EBD5-9D43-75B4-9A2EA387EA71}.Debug|Any CPU.ActiveCfg = Debug|Any CPU
		{83D13A1A-EBD5-9D43-75B4-9A2EA387EA71}.Debug|Any CPU.Build.0 = Debug|Any CPU
		{83D13A1A-EBD5-9D43-75B4-9A2EA387EA71}.Release|Any CPU.ActiveCfg = Release|Any CPU
		{83D13A1A-EBD5-9D43-75B4-9A2EA387EA71}.Release|Any CPU.Build.0 = Release|Any CPU
	EndGlobalSection
	GlobalSection(SolutionProperties) = preSolution
		HideSolutionNode = FALSE
	EndGlobalSection
	GlobalSection(NestedProjects) = preSolution
		{04859EFB-024C-4BB7-9199-C52F22B616F5} = {BFFB7EE8-99A4-472C-9DD5-9042044E05D1}
		{1F6C8111-FF5B-47E0-B6CC-831E809FE8F1} = {BFFB7EE8-99A4-472C-9DD5-9042044E05D1}
		{D8D8B65A-9D1D-4F6F-BD19-0BCDD7A798D6} = {BFFB7EE8-99A4-472C-9DD5-9042044E05D1}
		{A5527CD6-18A4-4AE8-9E53-544236720EB5} = {BFFB7EE8-99A4-472C-9DD5-9042044E05D1}
		{0FE0F9B2-6DAB-439E-9B51-781236F9F8AB} = {A69C852C-368A-4E76-945B-E2E55B59EF8A}
		{88733170-5767-4B91-B466-7E323866FD7A} = {A69C852C-368A-4E76-945B-E2E55B59EF8A}
		{462E20E2-FB7A-8FCA-C80E-51D86F20FECE} = {04859EFB-024C-4BB7-9199-C52F22B616F5}
		{83D13A1A-EBD5-9D43-75B4-9A2EA387EA71} = {04859EFB-024C-4BB7-9199-C52F22B616F5}
	EndGlobalSection
EndGlobal
